// !$*UTF8*$!
{
	archiveVersion = 1;
	classes = {
	};
	objectVersion = 56;
	objects = {

/* Begin PBXBuildFile section */
		D69D00742C54898A00552602 /* myApp.swift in Sources */ = {isa = PBXBuildFile; fileRef = D69D00732C54898A00552602 /* myApp.swift */; };
		D69D00762C54898A00552602 /* myDocument.swift in Sources */ = {isa = PBXBuildFile; fileRef = D69D00752C54898A00552602 /* myDocument.swift */; };
		D69D00782C54898A00552602 /* ContentView.swift in Sources */ = {isa = PBXBuildFile; fileRef = D69D00772C54898A00552602 /* ContentView.swift */; };
		D69D007A2C54898C00552602 /* Assets.xcassets in Resources */ = {isa = PBXBuildFile; fileRef = D69D00792C54898C00552602 /* Assets.xcassets */; };
		D69D007D2C54898C00552602 /* Preview Assets.xcassets in Resources */ = {isa = PBXBuildFile; fileRef = D69D007C2C54898C00552602 /* Preview Assets.xcassets */; };
		D69D00882C54898C00552602 /* myTests.swift in Sources */ = {isa = PBXBuildFile; fileRef = D69D00872C54898C00552602 /* myTests.swift */; };
		D69D00922C54898C00552602 /* myUITests.swift in Sources */ = {isa = PBXBuildFile; fileRef = D69D00912C54898C00552602 /* myUITests.swift */; };
		D69D00942C54898C00552602 /* myUITestsLaunchTests.swift in Sources */ = {isa = PBXBuildFile; fileRef = D69D00932C54898C00552602 /* myUITestsLaunchTests.swift */; };
/* End PBXBuildFile section */

/* Begin PBXContainerItemProxy section */
		D69D00842C54898C00552602 /* PBXContainerItemProxy */ = {
			isa = PBXContainerItemProxy;
			containerPortal = D69D00682C54898A00552602 /* Project object */;
			proxyType = 1;
			remoteGlobalIDString = D69D006F2C54898A00552602;
			remoteInfo = my;
		};
		D69D008E2C54898C00552602 /* PBXContainerItemProxy */ = {
			isa = PBXContainerItemProxy;
			containerPortal = D69D00682C54898A00552602 /* Project object */;
			proxyType = 1;
			remoteGlobalIDString = D69D006F2C54898A00552602;
			remoteInfo = my;
		};
/* End PBXContainerItemProxy section */

/* Begin PBXFileReference section */
		D69D00702C54898A00552602 /* my.app */ = {isa = PBXFileReference; explicitFileType = wrapper.application; includeInIndex = 0; path = my.app; sourceTree = BUILT_PRODUCTS_DIR; };
		D69D00732C54898A00552602 /* myApp.swift */ = {isa = PBXFileReference; lastKnownFileType = sourcecode.swift; path = myApp.swift; sourceTree = "<group>"; };
		D69D00752C54898A00552602 /* myDocument.swift */ = {isa = PBXFileReference; lastKnownFileType = sourcecode.swift; path = myDocument.swift; sourceTree = "<group>"; };
		D69D00772C54898A00552602 /* ContentView.swift */ = {isa = PBXFileReference; lastKnownFileType = sourcecode.swift; path = ContentView.swift; sourceTree = "<group>"; };
		D69D00792C54898C00552602 /* Assets.xcassets */ = {isa = PBXFileReference; lastKnownFileType = folder.assetcatalog; path = Assets.xcassets; sourceTree = "<group>"; };
		D69D007C2C54898C00552602 /* Preview Assets.xcassets */ = {isa = PBXFileReference; lastKnownFileType = folder.assetcatalog; path = "Preview Assets.xcassets"; sourceTree = "<group>"; };
		D69D007E2C54898C00552602 /* Info.plist */ = {isa = PBXFileReference; lastKnownFileType = text.plist.xml; path = Info.plist; sourceTree = "<group>"; };
		D69D00832C54898C00552602 /* myTests.xctest */ = {isa = PBXFileReference; explicitFileType = wrapper.cfbundle; includeInIndex = 0; path = myTests.xctest; sourceTree = BUILT_PRODUCTS_DIR; };
		D69D00872C54898C00552602 /* myTests.swift */ = {isa = PBXFileReference; lastKnownFileType = sourcecode.swift; path = myTests.swift; sourceTree = "<group>"; };
		D69D008D2C54898C00552602 /* myUITests.xctest */ = {isa = PBXFileReference; explicitFileType = wrapper.cfbundle; includeInIndex = 0; path = myUITests.xctest; sourceTree = BUILT_PRODUCTS_DIR; };
		D69D00912C54898C00552602 /* myUITests.swift */ = {isa = PBXFileReference; lastKnownFileType = sourcecode.swift; path = myUITests.swift; sourceTree = "<group>"; };
		D69D00932C54898C00552602 /* myUITestsLaunchTests.swift */ = {isa = PBXFileReference; lastKnownFileType = sourcecode.swift; path = myUITestsLaunchTests.swift; sourceTree = "<group>"; };
/* End PBXFileReference section */

/* Begin PBXFrameworksBuildPhase section */
		D69D006D2C54898A00552602 /* Frameworks */ = {
			isa = PBXFrameworksBuildPhase;
			buildActionMask = 2147483647;
			files = (
			);
			runOnlyForDeploymentPostprocessing = 0;
		};
		D69D00802C54898C00552602 /* Frameworks */ = {
			isa = PBXFrameworksBuildPhase;
			buildActionMask = 2147483647;
			files = (
			);
			runOnlyForDeploymentPostprocessing = 0;
		};
		D69D008A2C54898C00552602 /* Frameworks */ = {
			isa = PBXFrameworksBuildPhase;
			buildActionMask = 2147483647;
			files = (
			);
			runOnlyForDeploymentPostprocessing = 0;
		};
/* End PBXFrameworksBuildPhase section */

/* Begin PBXGroup section */
		D69D00672C54898A00552602 = {
			isa = PBXGroup;
			children = (
				D69D00722C54898A00552602 /* my */,
				D69D00862C54898C00552602 /* myTests */,
				D69D00902C54898C00552602 /* myUITests */,
				D69D00712C54898A00552602 /* Products */,
			);
			sourceTree = "<group>";
		};
		D69D00712C54898A00552602 /* Products */ = {
			isa = PBXGroup;
			children = (
				D69D00702C54898A00552602 /* my.app */,
				D69D00832C54898C00552602 /* myTests.xctest */,
				D69D008D2C54898C00552602 /* myUITests.xctest */,
			);
			name = Products;
			sourceTree = "<group>";
		};
		D69D00722C54898A00552602 /* my */ = {
			isa = PBXGroup;
			children = (
				D69D00732C54898A00552602 /* myApp.swift */,
				D69D00752C54898A00552602 /* myDocument.swift */,
				D69D00772C54898A00552602 /* ContentView.swift */,
				D69D00792C54898C00552602 /* Assets.xcassets */,
				D69D007E2C54898C00552602 /* Info.plist */,
				D69D007B2C54898C00552602 /* Preview Content */,
			);
			path = my;
			sourceTree = "<group>";
		};
		D69D007B2C54898C00552602 /* Preview Content */ = {
			isa = PBXGroup;
			children = (
				D69D007C2C54898C00552602 /* Preview Assets.xcassets */,
			);
			path = "Preview Content";
			sourceTree = "<group>";
		};
		D69D00862C54898C00552602 /* myTests */ = {
			isa = PBXGroup;
			children = (
				D69D00872C54898C00552602 /* myTests.swift */,
			);
			path = myTests;
			sourceTree = "<group>";
		};
		D69D00902C54898C00552602 /* myUITests */ = {
			isa = PBXGroup;
			children = (
				D69D00912C54898C00552602 /* myUITests.swift */,
				D69D00932C54898C00552602 /* myUITestsLaunchTests.swift */,
			);
			path = myUITests;
			sourceTree = "<group>";
		};
/* End PBXGroup section */

/* Begin PBXNativeTarget section */
		D69D006F2C54898A00552602 /* my */ = {
			isa = PBXNativeTarget;
			buildConfigurationList = D69D00972C54898C00552602 /* Build configuration list for PBXNativeTarget "my" */;
			buildPhases = (
				D69D006C2C54898A00552602 /* Sources */,
				D69D006D2C54898A00552602 /* Frameworks */,
				D69D006E2C54898A00552602 /* Resources */,
			);
			buildRules = (
			);
			dependencies = (
			);
			name = my;
			productName = my;
			productReference = D69D00702C54898A00552602 /* my.app */;
			productType = "com.apple.product-type.application";
		};
		D69D00822C54898C00552602 /* myTests */ = {
			isa = PBXNativeTarget;
			buildConfigurationList = D69D009A2C54898C00552602 /* Build configuration list for PBXNativeTarget "myTests" */;
			buildPhases = (
				D69D007F2C54898C00552602 /* Sources */,
				D69D00802C54898C00552602 /* Frameworks */,
				D69D00812C54898C00552602 /* Resources */,
			);
			buildRules = (
			);
			dependencies = (
				D69D00852C54898C00552602 /* PBXTargetDependency */,
			);
			name = myTests;
			productName = myTests;
			productReference = D69D00832C54898C00552602 /* myTests.xctest */;
			productType = "com.apple.product-type.bundle.unit-test";
		};
		D69D008C2C54898C00552602 /* myUITests */ = {
			isa = PBXNativeTarget;
			buildConfigurationList = D69D009D2C54898C00552602 /* Build configuration list for PBXNativeTarget "myUITests" */;
			buildPhases = (
				D69D00892C54898C00552602 /* Sources */,
				D69D008A2C54898C00552602 /* Frameworks */,
				D69D008B2C54898C00552602 /* Resources */,
			);
			buildRules = (
			);
			dependencies = (
				D69D008F2C54898C00552602 /* PBXTargetDependency */,
			);
			name = myUITests;
			productName = myUITests;
			productReference = D69D008D2C54898C00552602 /* myUITests.xctest */;
			productType = "com.apple.product-type.bundle.ui-testing";
		};
/* End PBXNativeTarget section */

/* Begin PBXProject section */
		D69D00682C54898A00552602 /* Project object */ = {
			isa = PBXProject;
			attributes = {
				BuildIndependentTargetsInParallel = 1;
				LastSwiftUpdateCheck = 1540;
				LastUpgradeCheck = 1540;
				TargetAttributes = {
					D69D006F2C54898A00552602 = {
						CreatedOnToolsVersion = 15.4;
					};
					D69D00822C54898C00552602 = {
						CreatedOnToolsVersion = 15.4;
						TestTargetID = D69D006F2C54898A00552602;
					};
					D69D008C2C54898C00552602 = {
						CreatedOnToolsVersion = 15.4;
						TestTargetID = D69D006F2C54898A00552602;
					};
				};
			};
			buildConfigurationList = D69D006B2C54898A00552602 /* Build configuration list for PBXProject "my" */;
			compatibilityVersion = "Xcode 14.0";
			developmentRegion = en;
			hasScannedForEncodings = 0;
			knownRegions = (
				en,
				Base,
			);
			mainGroup = D69D00672C54898A00552602;
			productRefGroup = D69D00712C54898A00552602 /* Products */;
			projectDirPath = "";
			projectRoot = "";
			targets = (
				D69D006F2C54898A00552602 /* my */,
				D69D00822C54898C00552602 /* myTests */,
				D69D008C2C54898C00552602 /* myUITests */,
			);
		};
/* End PBXProject section */

/* Begin PBXResourcesBuildPhase section */
		D69D006E2C54898A00552602 /* Resources */ = {
			isa = PBXResourcesBuildPhase;
			buildActionMask = 2147483647;
			files = (
				D69D007D2C54898C00552602 /* Preview Assets.xcassets in Resources */,
				D69D007A2C54898C00552602 /* Assets.xcassets in Resources */,
			);
			runOnlyForDeploymentPostprocessing = 0;
		};
		D69D00812C54898C00552602 /* Resources */ = {
			isa = PBXResourcesBuildPhase;
			buildActionMask = 2147483647;
			files = (
			);
			runOnlyForDeploymentPostprocessing = 0;
		};
		D69D008B2C54898C00552602 /* Resources */ = {
			isa = PBXResourcesBuildPhase;
			buildActionMask = 2147483647;
			files = (
			);
			runOnlyForDeploymentPostprocessing = 0;
		};
/* End PBXResourcesBuildPhase section */

/* Begin PBXSourcesBuildPhase section */
		D69D006C2C54898A00552602 /* Sources */ = {
			isa = PBXSourcesBuildPhase;
			buildActionMask = 2147483647;
			files = (
				D69D00762C54898A00552602 /* myDocument.swift in Sources */,
				D69D00742C54898A00552602 /* myApp.swift in Sources */,
				D69D00782C54898A00552602 /* ContentView.swift in Sources */,
			);
			runOnlyForDeploymentPostprocessing = 0;
		};
		D69D007F2C54898C00552602 /* Sources */ = {
			isa = PBXSourcesBuildPhase;
			buildActionMask = 2147483647;
			files = (
				D69D00882C54898C00552602 /* myTests.swift in Sources */,
			);
			runOnlyForDeploymentPostprocessing = 0;
		};
		D69D00892C54898C00552602 /* Sources */ = {
			isa = PBXSourcesBuildPhase;
			buildActionMask = 2147483647;
			files = (
				D69D00942C54898C00552602 /* myUITestsLaunchTests.swift in Sources */,
				D69D00922C54898C00552602 /* myUITests.swift in Sources */,
			);
			runOnlyForDeploymentPostprocessing = 0;
		};
/* End PBXSourcesBuildPhase section */

/* Begin PBXTargetDependency section */
		D69D00852C54898C00552602 /* PBXTargetDependency */ = {
			isa = PBXTargetDependency;
			target = D69D006F2C54898A00552602 /* my */;
			targetProxy = D69D00842C54898C00552602 /* PBXContainerItemProxy */;
		};
		D69D008F2C54898C00552602 /* PBXTargetDependency */ = {
			isa = PBXTargetDependency;
			target = D69D006F2C54898A00552602 /* my */;
			targetProxy = D69D008E2C54898C00552602 /* PBXContainerItemProxy */;
		};
/* End PBXTargetDependency section */

/* Begin XCBuildConfiguration section */
		D69D00952C54898C00552602 /* Debug */ = {
			isa = XCBuildConfiguration;
			buildSettings = {
				ALWAYS_SEARCH_USER_PATHS = NO;
				ASSETCATALOG_COMPILER_GENERATE_SWIFT_ASSET_SYMBOL_EXTENSIONS = YES;
				CLANG_ANALYZER_NONNULL = YES;
				CLANG_ANALYZER_NUMBER_OBJECT_CONVERSION = YES_AGGRESSIVE;
				CLANG_CXX_LANGUAGE_STANDARD = "gnu++20";
				CLANG_ENABLE_MODULES = YES;
				CLANG_ENABLE_OBJC_ARC = YES;
				CLANG_ENABLE_OBJC_WEAK = YES;
				CLANG_WARN_BLOCK_CAPTURE_AUTORELEASING = YES;
				CLANG_WARN_BOOL_CONVERSION = YES;
				CLANG_WARN_COMMA = YES;
				CLANG_WARN_CONSTANT_CONVERSION = YES;
				CLANG_WARN_DEPRECATED_OBJC_IMPLEMENTATIONS = YES;
				CLANG_WARN_DIRECT_OBJC_ISA_USAGE = YES_ERROR;
				CLANG_WARN_DOCUMENTATION_COMMENTS = YES;
				CLANG_WARN_EMPTY_BODY = YES;
				CLANG_WARN_ENUM_CONVERSION = YES;
				CLANG_WARN_INFINITE_RECURSION = YES;
				CLANG_WARN_INT_CONVERSION = YES;
				CLANG_WARN_NON_LITERAL_NULL_CONVERSION = YES;
				CLANG_WARN_OBJC_IMPLICIT_RETAIN_SELF = YES;
				CLANG_WARN_OBJC_LITERAL_CONVERSION = YES;
				CLANG_WARN_OBJC_ROOT_CLASS = YES_ERROR;
				CLANG_WARN_QUOTED_INCLUDE_IN_FRAMEWORK_HEADER = YES;
				CLANG_WARN_RANGE_LOOP_ANALYSIS = YES;
				CLANG_WARN_STRICT_PROTOTYPES = YES;
				CLANG_WARN_SUSPICIOUS_MOVE = YES;
				CLANG_WARN_UNGUARDED_AVAILABILITY = YES_AGGRESSIVE;
				CLANG_WARN_UNREACHABLE_CODE = YES;
				CLANG_WARN__DUPLICATE_METHOD_MATCH = YES;
				COPY_PHASE_STRIP = NO;
				DEBUG_INFORMATION_FORMAT = dwarf;
				ENABLE_STRICT_OBJC_MSGSEND = YES;
				ENABLE_TESTABILITY = YES;
				ENABLE_USER_SCRIPT_SANDBOXING = YES;
				GCC_C_LANGUAGE_STANDARD = gnu17;
				GCC_DYNAMIC_NO_PIC = NO;
				GCC_NO_COMMON_BLOCKS = YES;
				GCC_OPTIMIZATION_LEVEL = 0;
				GCC_PREPROCESSOR_DEFINITIONS = (
					"DEBUG=1",
					"$(inherited)",
				);
				GCC_WARN_64_TO_32_BIT_CONVERSION = YES;
				GCC_WARN_ABOUT_RETURN_TYPE = YES_ERROR;
				GCC_WARN_UNDECLARED_SELECTOR = YES;
				GCC_WARN_UNINITIALIZED_AUTOS = YES_AGGRESSIVE;
				GCC_WARN_UNUSED_FUNCTION = YES;
				GCC_WARN_UNUSED_VARIABLE = YES;
				IPHONEOS_DEPLOYMENT_TARGET = 17.5;
				LOCALIZATION_PREFERS_STRING_CATALOGS = YES;
				MTL_ENABLE_DEBUG_INFO = INCLUDE_SOURCE;
				MTL_FAST_MATH = YES;
				ONLY_ACTIVE_ARCH = YES;
				SDKROOT = iphoneos;
				SWIFT_ACTIVE_COMPILATION_CONDITIONS = "DEBUG $(inherited)";
				SWIFT_OPTIMIZATION_LEVEL = "-Onone";
			};
			name = Debug;
		};
		D69D00962C54898C00552602 /* Release */ = {
			isa = XCBuildConfiguration;
			buildSettings = {
				ALWAYS_SEARCH_USER_PATHS = NO;
				ASSETCATALOG_COMPILER_GENERATE_SWIFT_ASSET_SYMBOL_EXTENSIONS = YES;
				CLANG_ANALYZER_NONNULL = YES;
				CLANG_ANALYZER_NUMBER_OBJECT_CONVERSION = YES_AGGRESSIVE;
				CLANG_CXX_LANGUAGE_STANDARD = "gnu++20";
				CLANG_ENABLE_MODULES = YES;
				CLANG_ENABLE_OBJC_ARC = YES;
				CLANG_ENABLE_OBJC_WEAK = YES;
				CLANG_WARN_BLOCK_CAPTURE_AUTORELEASING = YES;
				CLANG_WARN_BOOL_CONVERSION = YES;
				CLANG_WARN_COMMA = YES;
				CLANG_WARN_CONSTANT_CONVERSION = YES;
				CLANG_WARN_DEPRECATED_OBJC_IMPLEMENTATIONS = YES;
				CLANG_WARN_DIRECT_OBJC_ISA_USAGE = YES_ERROR;
				CLANG_WARN_DOCUMENTATION_COMMENTS = YES;
				CLANG_WARN_EMPTY_BODY = YES;
				CLANG_WARN_ENUM_CONVERSION = YES;
				CLANG_WARN_INFINITE_RECURSION = YES;
				CLANG_WARN_INT_CONVERSION = YES;
				CLANG_WARN_NON_LITERAL_NULL_CONVERSION = YES;
				CLANG_WARN_OBJC_IMPLICIT_RETAIN_SELF = YES;
				CLANG_WARN_OBJC_LITERAL_CONVERSION = YES;
				CLANG_WARN_OBJC_ROOT_CLASS = YES_ERROR;
				CLANG_WARN_QUOTED_INCLUDE_IN_FRAMEWORK_HEADER = YES;
				CLANG_WARN_RANGE_LOOP_ANALYSIS = YES;
				CLANG_WARN_STRICT_PROTOTYPES = YES;
				CLANG_WARN_SUSPICIOUS_MOVE = YES;
				CLANG_WARN_UNGUARDED_AVAILABILITY = YES_AGGRESSIVE;
				CLANG_WARN_UNREACHABLE_CODE = YES;
				CLANG_WARN__DUPLICATE_METHOD_MATCH = YES;
				COPY_PHASE_STRIP = NO;
				DEBUG_INFORMATION_FORMAT = "dwarf-with-dsym";
				ENABLE_NS_ASSERTIONS = NO;
				ENABLE_STRICT_OBJC_MSGSEND = YES;
				ENABLE_USER_SCRIPT_SANDBOXING = YES;
				GCC_C_LANGUAGE_STANDARD = gnu17;
				GCC_NO_COMMON_BLOCKS = YES;
				GCC_WARN_64_TO_32_BIT_CONVERSION = YES;
				GCC_WARN_ABOUT_RETURN_TYPE = YES_ERROR;
				GCC_WARN_UNDECLARED_SELECTOR = YES;
				GCC_WARN_UNINITIALIZED_AUTOS = YES_AGGRESSIVE;
				GCC_WARN_UNUSED_FUNCTION = YES;
				GCC_WARN_UNUSED_VARIABLE = YES;
				IPHONEOS_DEPLOYMENT_TARGET = 17.5;
				LOCALIZATION_PREFERS_STRING_CATALOGS = YES;
				MTL_ENABLE_DEBUG_INFO = NO;
				MTL_FAST_MATH = YES;
				SDKROOT = iphoneos;
				SWIFT_COMPILATION_MODE = wholemodule;
				VALIDATE_PRODUCT = YES;
			};
			name = Release;
		};
		D69D00982C54898C00552602 /* Debug */ = {
			isa = XCBuildConfiguration;
			buildSettings = {
				ASSETCATALOG_COMPILER_APPICON_NAME = AppIcon;
				ASSETCATALOG_COMPILER_GLOBAL_ACCENT_COLOR_NAME = AccentColor;
				CODE_SIGN_STYLE = Automatic;
				CURRENT_PROJECT_VERSION = 1;
				DEVELOPMENT_ASSET_PATHS = "\"my/Preview Content\"";
				ENABLE_PREVIEWS = YES;
				GENERATE_INFOPLIST_FILE = YES;
				INFOPLIST_FILE = my/Info.plist;
				INFOPLIST_KEY_UIApplicationSceneManifest_Generation = YES;
				INFOPLIST_KEY_UIApplicationSupportsIndirectInputEvents = YES;
				INFOPLIST_KEY_UILaunchScreen_Generation = YES;
				INFOPLIST_KEY_UISupportedInterfaceOrientations_iPad = "UIInterfaceOrientationPortrait UIInterfaceOrientationPortraitUpsideDown UIInterfaceOrientationLandscapeLeft UIInterfaceOrientationLandscapeRight";
				INFOPLIST_KEY_UISupportedInterfaceOrientations_iPhone = "UIInterfaceOrientationPortrait UIInterfaceOrientationLandscapeLeft UIInterfaceOrientationLandscapeRight";
				INFOPLIST_KEY_UISupportsDocumentBrowser = YES;
				LD_RUNPATH_SEARCH_PATHS = (
					"$(inherited)",
					"@executable_path/Frameworks",
				);
				MARKETING_VERSION = 1.0;
				PRODUCT_BUNDLE_IDENTIFIER = e.my;
				PRODUCT_NAME = "$(TARGET_NAME)";
				SWIFT_EMIT_LOC_STRINGS = YES;
				SWIFT_VERSION = 5.0;
				TARGETED_DEVICE_FAMILY = "1,2";
			};
			name = Debug;
		};
		D69D00992C54898C00552602 /* Release */ = {
			isa = XCBuildConfiguration;
			buildSettings = {
				ASSETCATALOG_COMPILER_APPICON_NAME = AppIcon;
				ASSETCATALOG_COMPILER_GLOBAL_ACCENT_COLOR_NAME = AccentColor;
				CODE_SIGN_STYLE = Automatic;
				CURRENT_PROJECT_VERSION = 1;
				DEVELOPMENT_ASSET_PATHS = "\"my/Preview Content\"";
				ENABLE_PREVIEWS = YES;
				GENERATE_INFOPLIST_FILE = YES;
				INFOPLIST_FILE = my/Info.plist;
				INFOPLIST_KEY_UIApplicationSceneManifest_Generation = YES;
				INFOPLIST_KEY_UIApplicationSupportsIndirectInputEvents = YES;
				INFOPLIST_KEY_UILaunchScreen_Generation = YES;
				INFOPLIST_KEY_UISupportedInterfaceOrientations_iPad = "UIInterfaceOrientationPortrait UIInterfaceOrientationPortraitUpsideDown UIInterfaceOrientationLandscapeLeft UIInterfaceOrientationLandscapeRight";
				INFOPLIST_KEY_UISupportedInterfaceOrientations_iPhone = "UIInterfaceOrientationPortrait UIInterfaceOrientationLandscapeLeft UIInterfaceOrientationLandscapeRight";
				INFOPLIST_KEY_UISupportsDocumentBrowser = YES;
				LD_RUNPATH_SEARCH_PATHS = (
					"$(inherited)",
					"@executable_path/Frameworks",
				);
				MARKETING_VERSION = 1.0;
				PRODUCT_BUNDLE_IDENTIFIER = e.my;
				PRODUCT_NAME = "$(TARGET_NAME)";
				SWIFT_EMIT_LOC_STRINGS = YES;
				SWIFT_VERSION = 5.0;
				TARGETED_DEVICE_FAMILY = "1,2";
			};
			name = Release;
		};
		D69D009B2C54898C00552602 /* Debug */ = {
			isa = XCBuildConfiguration;
			buildSettings = {
				ALWAYS_EMBED_SWIFT_STANDARD_LIBRARIES = YES;
				BUNDLE_LOADER = "$(TEST_HOST)";
				CODE_SIGN_STYLE = Automatic;
				CURRENT_PROJECT_VERSION = 1;
				GENERATE_INFOPLIST_FILE = YES;
				IPHONEOS_DEPLOYMENT_TARGET = 17.5;
				MARKETING_VERSION = 1.0;
				PRODUCT_BUNDLE_IDENTIFIER = e.myTests;
				PRODUCT_NAME = "$(TARGET_NAME)";
				SWIFT_EMIT_LOC_STRINGS = NO;
				SWIFT_VERSION = 5.0;
				TARGETED_DEVICE_FAMILY = "1,2";
				TEST_HOST = "$(BUILT_PRODUCTS_DIR)/my.app/$(BUNDLE_EXECUTABLE_FOLDER_PATH)/my";
			};
			name = Debug;
		};
		D69D009C2C54898C00552602 /* Release */ = {
			isa = XCBuildConfiguration;
			buildSettings = {
				ALWAYS_EMBED_SWIFT_STANDARD_LIBRARIES = YES;
				BUNDLE_LOADER = "$(TEST_HOST)";
				CODE_SIGN_STYLE = Automatic;
				CURRENT_PROJECT_VERSION = 1;
				GENERATE_INFOPLIST_FILE = YES;
				IPHONEOS_DEPLOYMENT_TARGET = 17.5;
				MARKETING_VERSION = 1.0;
				PRODUCT_BUNDLE_IDENTIFIER = e.myTests;
				PRODUCT_NAME = "$(TARGET_NAME)";
				SWIFT_EMIT_LOC_STRINGS = NO;
				SWIFT_VERSION = 5.0;
				TARGETED_DEVICE_FAMILY = "1,2";
				TEST_HOST = "$(BUILT_PRODUCTS_DIR)/my.app/$(BUNDLE_EXECUTABLE_FOLDER_PATH)/my";
			};
			name = Release;
		};
		D69D009E2C54898C00552602 /* Debug */ = {
			isa = XCBuildConfiguration;
			buildSettings = {
				ALWAYS_EMBED_SWIFT_STANDARD_LIBRARIES = YES;
				CODE_SIGN_STYLE = Automatic;
				CURRENT_PROJECT_VERSION = 1;
				GENERATE_INFOPLIST_FILE = YES;
				MARKETING_VERSION = 1.0;
				PRODUCT_BUNDLE_IDENTIFIER = e.myUITests;
				PRODUCT_NAME = "$(TARGET_NAME)";
				SWIFT_EMIT_LOC_STRINGS = NO;
				SWIFT_VERSION = 5.0;
				TARGETED_DEVICE_FAMILY = "1,2";
				TEST_TARGET_NAME = my;
			};
			name = Debug;
		};
		D69D009F2C54898C00552602 /* Release */ = {
			isa = XCBuildConfiguration;
			buildSettings = {
				ALWAYS_EMBED_SWIFT_STANDARD_LIBRARIES = YES;
				CODE_SIGN_STYLE = Automatic;
				CURRENT_PROJECT_VERSION = 1;
				GENERATE_INFOPLIST_FILE = YES;
				MARKETING_VERSION = 1.0;
				PRODUCT_BUNDLE_IDENTIFIER = e.myUITests;
				PRODUCT_NAME = "$(TARGET_NAME)";
				SWIFT_EMIT_LOC_STRINGS = NO;
				SWIFT_VERSION = 5.0;
				TARGETED_DEVICE_FAMILY = "1,2";
				TEST_TARGET_NAME = my;
			};
			name = Release;
		};
/* End XCBuildConfiguration section */

/* Begin XCConfigurationList section */
		D69D006B2C54898A00552602 /* Build configuration list for PBXProject "my" */ = {
			isa = XCConfigurationList;
			buildConfigurations = (
				D69D00952C54898C00552602 /* Debug */,
				D69D00962C54898C00552602 /* Release */,
			);
			defaultConfigurationIsVisible = 0;
			defaultConfigurationName = Release;
		};
		D69D00972C54898C00552602 /* Build configuration list for PBXNativeTarget "my" */ = {
			isa = XCConfigurationList;
			buildConfigurations = (
				D69D00982C54898C00552602 /* Debug */,
				D69D00992C54898C00552602 /* Release */,
			);
			defaultConfigurationIsVisible = 0;
			defaultConfigurationName = Release;
		};
		D69D009A2C54898C00552602 /* Build configuration list for PBXNativeTarget "myTests" */ = {
			isa = XCConfigurationList;
			buildConfigurations = (
				D69D009B2C54898C00552602 /* Debug */,
				D69D009C2C54898C00552602 /* Release */,
			);
			defaultConfigurationIsVisible = 0;
			defaultConfigurationName = Release;
		};
		D69D009D2C54898C00552602 /* Build configuration list for PBXNativeTarget "myUITests" */ = {
			isa = XCConfigurationList;
			buildConfigurations = (
				D69D009E2C54898C00552602 /* Debug */,
				D69D009F2C54898C00552602 /* Release */,
			);
			defaultConfigurationIsVisible = 0;
			defaultConfigurationName = Release;
		};
/* End XCConfigurationList section */
	};
	rootObject = D69D00682C54898A00552602 /* Project object */;
}
